{
  "object": {
    "pins": [
      {
        "package": "Facebook",
        "repositoryURL": "https://github.com/facebook/facebook-ios-sdk.git",
        "state": {
          "branch": null,
          "revision": "c19607d535864533523d1f437c84035e5fb101cf",
          "version": "14.1.0"
        }
      },
      {
        "package": "Rudder",
        "repositoryURL": "https://github.com/rudderlabs/rudder-sdk-ios.git",
        "state": {
          "branch": null,
          "revision": "495ccea8eddf7361d7052274f438b142f2196d55",
          "version": "2.2.7"
        }
      }
    ]
  },
  "version": 1
}
