{
  "object": {
    "pins": [
      {
        "package": "Facebook",
        "repositoryURL": "https://github.com/facebook/facebook-ios-sdk.git",
        "state": {
          "branch": null,
          "revision": "c19607d535864533523d1f437c84035e5fb101cf",
          "version": "14.1.0"
        }
      },
      {
        "package": "Rudder",
        "repositoryURL": "https://github.com/rudderlabs/rudder-sdk-ios.git",
        "state": {
          "branch": null,
          "revision": "17627074e149b024a960e7a475747b90743bb6ab",
          "version": "2.4.2"
        }
      }
    ]
  },
  "version": 1
}
